// !$*UTF8*$!
{
	archiveVersion = 1;
	classes = {
	};
	objectVersion = 46;
	objects = {

/* Begin PBXBuildFile section */
		880B992C1C3A04FA00191353 /* AppDelegate.swift in Sources */ = {isa = PBXBuildFile; fileRef = 880B992B1C3A04FA00191353 /* AppDelegate.swift */; };
		880B992E1C3A04FA00191353 /* ViewController.swift in Sources */ = {isa = PBXBuildFile; fileRef = 880B992D1C3A04FA00191353 /* ViewController.swift */; };
		880B99311C3A04FA00191353 /* Main.storyboard in Resources */ = {isa = PBXBuildFile; fileRef = 880B992F1C3A04FA00191353 /* Main.storyboard */; };
		880B99331C3A04FA00191353 /* Assets.xcassets in Resources */ = {isa = PBXBuildFile; fileRef = 880B99321C3A04FA00191353 /* Assets.xcassets */; };
		880B99361C3A04FA00191353 /* LaunchScreen.storyboard in Resources */ = {isa = PBXBuildFile; fileRef = 880B99341C3A04FA00191353 /* LaunchScreen.storyboard */; };
		880B993E1C3A058500191353 /* Datos.swift in Sources */ = {isa = PBXBuildFile; fileRef = 880B993D1C3A058500191353 /* Datos.swift */; };
/* End PBXBuildFile section */

/* Begin PBXFileReference section */
		880B99281C3A04FA00191353 /* Hamburgesas.app */ = {isa = PBXFileReference; explicitFileType = wrapper.application; includeInIndex = 0; path = Hamburgesas.app; sourceTree = BUILT_PRODUCTS_DIR; };
		880B992B1C3A04FA00191353 /* AppDelegate.swift */ = {isa = PBXFileReference; lastKnownFileType = sourcecode.swift; path = AppDelegate.swift; sourceTree = "<group>"; };
		880B992D1C3A04FA00191353 /* ViewController.swift */ = {isa = PBXFileReference; lastKnownFileType = sourcecode.swift; path = ViewController.swift; sourceTree = "<group>"; };
		880B99301C3A04FA00191353 /* Base */ = {isa = PBXFileReference; lastKnownFileType = file.storyboard; name = Base; path = Base.lproj/Main.storyboard; sourceTree = "<group>"; };
		880B99321C3A04FA00191353 /* Assets.xcassets */ = {isa = PBXFileReference; lastKnownFileType = folder.assetcatalog; path = Assets.xcassets; sourceTree = "<group>"; };
		880B99351C3A04FA00191353 /* Base */ = {isa = PBXFileReference; lastKnownFileType = file.storyboard; name = Base; path = Base.lproj/LaunchScreen.storyboard; sourceTree = "<group>"; };
		880B99371C3A04FA00191353 /* Info.plist */ = {isa = PBXFileReference; lastKnownFileType = text.plist.xml; path = Info.plist; sourceTree = "<group>"; };
		880B993D1C3A058500191353 /* Datos.swift */ = {isa = PBXFileReference; fileEncoding = 4; lastKnownFileType = sourcecode.swift; path = Datos.swift; sourceTree = "<group>"; };
/* End PBXFileReference section */

/* Begin PBXFrameworksBuildPhase section */
		880B99251C3A04FA00191353 /* Frameworks */ = {
			isa = PBXFrameworksBuildPhase;
			buildActionMask = 2147483647;
			files = (
			);
			runOnlyForDeploymentPostprocessing = 0;
		};
/* End PBXFrameworksBuildPhase section */

/* Begin PBXGroup section */
		880B991F1C3A04FA00191353 = {
			isa = PBXGroup;
			children = (
				880B992A1C3A04FA00191353 /* Hamburgesas */,
				880B99291C3A04FA00191353 /* Products */,
			);
			sourceTree = "<group>";
		};
		880B99291C3A04FA00191353 /* Products */ = {
			isa = PBXGroup;
			children = (
				880B99281C3A04FA00191353 /* Hamburgesas.app */,
			);
			name = Products;
			sourceTree = "<group>";
		};
		880B992A1C3A04FA00191353 /* Hamburgesas */ = {
			isa = PBXGroup;
			children = (
				880B992B1C3A04FA00191353 /* AppDelegate.swift */,
				880B992D1C3A04FA00191353 /* ViewController.swift */,
				880B992F1C3A04FA00191353 /* Main.storyboard */,
				880B993D1C3A058500191353 /* Datos.swift */,
				880B99321C3A04FA00191353 /* Assets.xcassets */,
				880B99341C3A04FA00191353 /* LaunchScreen.storyboard */,
				880B99371C3A04FA00191353 /* Info.plist */,
			);
			path = Hamburgesas;
			sourceTree = "<group>";
		};
/* End PBXGroup section */

/* Begin PBXNativeTarget section */
		880B99271C3A04FA00191353 /* Hamburgesas */ = {
			isa = PBXNativeTarget;
			buildConfigurationList = 880B993A1C3A04FA00191353 /* Build configuration list for PBXNativeTarget "Hamburgesas" */;
			buildPhases = (
				880B99241C3A04FA00191353 /* Sources */,
				880B99251C3A04FA00191353 /* Frameworks */,
				880B99261C3A04FA00191353 /* Resources */,
			);
			buildRules = (
			);
			dependencies = (
			);
			name = Hamburgesas;
			productName = Hamburgesas;
			productReference = 880B99281C3A04FA00191353 /* Hamburgesas.app */;
			productType = "com.apple.product-type.application";
		};
/* End PBXNativeTarget section */

/* Begin PBXProject section */
		880B99201C3A04FA00191353 /* Project object */ = {
			isa = PBXProject;
			attributes = {
				LastSwiftUpdateCheck = 0720;
				LastUpgradeCheck = 0720;
				ORGANIZATIONNAME = Innsoft;
				TargetAttributes = {
					880B99271C3A04FA00191353 = {
						CreatedOnToolsVersion = 7.2;
						DevelopmentTeam = NWJ459ZULH;
					};
				};
			};
			buildConfigurationList = 880B99231C3A04FA00191353 /* Build configuration list for PBXProject "Hamburgesas" */;
			compatibilityVersion = "Xcode 3.2";
			developmentRegion = English;
			hasScannedForEncodings = 0;
			knownRegions = (
				en,
				Base,
			);
			mainGroup = 880B991F1C3A04FA00191353;
			productRefGroup = 880B99291C3A04FA00191353 /* Products */;
			projectDirPath = "";
			projectRoot = "";
			targets = (
				880B99271C3A04FA00191353 /* Hamburgesas */,
			);
		};
/* End PBXProject section */

/* Begin PBXResourcesBuildPhase section */
		880B99261C3A04FA00191353 /* Resources */ = {
			isa = PBXResourcesBuildPhase;
			buildActionMask = 2147483647;
			files = (
				880B99361C3A04FA00191353 /* LaunchScreen.storyboard in Resources */,
				880B99331C3A04FA00191353 /* Assets.xcassets in Resources */,
				880B99311C3A04FA00191353 /* Main.storyboard in Resources */,
			);
			runOnlyForDeploymentPostprocessing = 0;
		};
/* End PBXResourcesBuildPhase section */

/* Begin PBXSourcesBuildPhase section */
		880B99241C3A04FA00191353 /* Sources */ = {
			isa = PBXSourcesBuildPhase;
			buildActionMask = 2147483647;
			files = (
				880B992E1C3A04FA00191353 /* ViewController.swift in Sources */,
				880B992C1C3A04FA00191353 /* AppDelegate.swift in Sources */,
				880B993E1C3A058500191353 /* Datos.swift in Sources */,
			);
			runOnlyForDeploymentPostprocessing = 0;
		};
/* End PBXSourcesBuildPhase section */

/* Begin PBXVariantGroup section */
		880B992F1C3A04FA00191353 /* Main.storyboard */ = {
			isa = PBXVariantGroup;
			children = (
				880B99301C3A04FA00191353 /* Base */,
			);
			name = Main.storyboard;
			sourceTree = "<group>";
		};
		880B99341C3A04FA00191353 /* LaunchScreen.storyboard */ = {
			isa = PBXVariantGroup;
			children = (
				880B99351C3A04FA00191353 /* Base */,
			);
			name = LaunchScreen.storyboard;
			sourceTree = "<group>";
		};
/* End PBXVariantGroup section */

/* Begin XCBuildConfiguration section */
		880B99381C3A04FA00191353 /* Debug */ = {
			isa = XCBuildConfiguration;
			buildSettings = {
				ALWAYS_SEARCH_USER_PATHS = NO;
				CLANG_CXX_LANGUAGE_STANDARD = "gnu++0x";
				CLANG_CXX_LIBRARY = "libc++";
				CLANG_ENABLE_MODULES = YES;
				CLANG_ENABLE_OBJC_ARC = YES;
				CLANG_WARN_BOOL_CONVERSION = YES;
				CLANG_WARN_CONSTANT_CONVERSION = YES;
				CLANG_WARN_DIRECT_OBJC_ISA_USAGE = YES_ERROR;
				CLANG_WARN_EMPTY_BODY = YES;
				CLANG_WARN_ENUM_CONVERSION = YES;
				CLANG_WARN_INT_CONVERSION = YES;
				CLANG_WARN_OBJC_ROOT_CLASS = YES_ERROR;
				CLANG_WARN_UNREACHABLE_CODE = YES;
				CLANG_WARN__DUPLICATE_METHOD_MATCH = YES;
				"CODE_SIGN_IDENTITY[sdk=iphoneos*]" = "iPhone Developer";
				COPY_PHASE_STRIP = NO;
				DEBUG_INFORMATION_FORMAT = dwarf;
				ENABLE_STRICT_OBJC_MSGSEND = YES;
				ENABLE_TESTABILITY = YES;
				GCC_C_LANGUAGE_STANDARD = gnu99;
				GCC_DYNAMIC_NO_PIC = NO;
				GCC_NO_COMMON_BLOCKS = YES;
				GCC_OPTIMIZATION_LEVEL = 0;
				GCC_PREPROCESSOR_DEFINITIONS = (
					"DEBUG=1",
					"$(inherited)",
				);
				GCC_WARN_64_TO_32_BIT_CONVERSION = YES;
				GCC_WARN_ABOUT_RETURN_TYPE = YES_ERROR;
				GCC_WARN_UNDECLARED_SELECTOR = YES;
				GCC_WARN_UNINITIALIZED_AUTOS = YES_AGGRESSIVE;
				GCC_WARN_UNUSED_FUNCTION = YES;
				GCC_WARN_UNUSED_VARIABLE = YES;
				IPHONEOS_DEPLOYMENT_TARGET = 9.2;
				MTL_ENABLE_DEBUG_INFO = YES;
				ONLY_ACTIVE_ARCH = YES;
				SDKROOT = iphoneos;
				SWIFT_OPTIMIZATION_LEVEL = "-Onone";
			};
			name = Debug;
		};
		880B99391C3A04FA00191353 /* Release */ = {
			isa = XCBuildConfiguration;
			buildSettings = {
				ALWAYS_SEARCH_USER_PATHS = NO;
				CLANG_CXX_LANGUAGE_STANDARD = "gnu++0x";
				CLANG_CXX_LIBRARY = "libc++";
				CLANG_ENABLE_MODULES = YES;
				CLANG_ENABLE_OBJC_ARC = YES;
				CLANG_WARN_BOOL_CONVERSION = YES;
				CLANG_WARN_CONSTANT_CONVERSION = YES;
				CLANG_WARN_DIRECT_OBJC_ISA_USAGE = YES_ERROR;
				CLANG_WARN_EMPTY_BODY = YES;
				CLANG_WARN_ENUM_CONVERSION = YES;
				CLANG_WARN_INT_CONVERSION = YES;
				CLANG_WARN_OBJC_ROOT_CLASS = YES_ERROR;
				CLANG_WARN_UNREACHABLE_CODE = YES;
				CLANG_WARN__DUPLICATE_METHOD_MATCH = YES;
				"CODE_SIGN_IDENTITY[sdk=iphoneos*]" = "iPhone Developer";
				COPY_PHASE_STRIP = NO;
				DEBUG_INFORMATION_FORMAT = "dwarf-with-dsym";
				ENABLE_NS_ASSERTIONS = NO;
				ENABLE_STRICT_OBJC_MSGSEND = YES;
				GCC_C_LANGUAGE_STANDARD = gnu99;
				GCC_NO_COMMON_BLOCKS = YES;
				GCC_WARN_64_TO_32_BIT_CONVERSION = YES;
				GCC_WARN_ABOUT_RETURN_TYPE = YES_ERROR;
				GCC_WARN_UNDECLARED_SELECTOR = YES;
				GCC_WARN_UNINITIALIZED_AUTOS = YES_AGGRESSIVE;
				GCC_WARN_UNUSED_FUNCTION = YES;
				GCC_WARN_UNUSED_VARIABLE = YES;
				IPHONEOS_DEPLOYMENT_TARGET = 9.2;
				MTL_ENABLE_DEBUG_INFO = NO;
				SDKROOT = iphoneos;
				VALIDATE_PRODUCT = YES;
			};
			name = Release;
		};
		880B993B1C3A04FA00191353 /* Debug */ = {
			isa = XCBuildConfiguration;
			buildSettings = {
				ASSETCATALOG_COMPILER_APPICON_NAME = AppIcon;
				INFOPLIST_FILE = Hamburgesas/Info.plist;
				LD_RUNPATH_SEARCH_PATHS = "$(inherited) @executable_path/Frameworks";
				PRODUCT_BUNDLE_IDENTIFIER = com.Innsoft.Hamburgesas;
				PRODUCT_NAME = "$(TARGET_NAME)";
			};
			name = Debug;
		};
		880B993C1C3A04FA00191353 /* Release */ = {
			isa = XCBuildConfiguration;
			buildSettings = {
				ASSETCATALOG_COMPILER_APPICON_NAME = AppIcon;
				INFOPLIST_FILE = Hamburgesas/Info.plist;
				LD_RUNPATH_SEARCH_PATHS = "$(inherited) @executable_path/Frameworks";
				PRODUCT_BUNDLE_IDENTIFIER = com.Innsoft.Hamburgesas;
				PRODUCT_NAME = "$(TARGET_NAME)";
			};
			name = Release;
		};
/* End XCBuildConfiguration section */

/* Begin XCConfigurationList section */
		880B99231C3A04FA00191353 /* Build configuration list for PBXProject "Hamburgesas" */ = {
			isa = XCConfigurationList;
			buildConfigurations = (
				880B99381C3A04FA00191353 /* Debug */,
				880B99391C3A04FA00191353 /* Release */,
			);
			defaultConfigurationIsVisible = 0;
			defaultConfigurationName = Release;
		};
		880B993A1C3A04FA00191353 /* Build configuration list for PBXNativeTarget "Hamburgesas" */ = {
			isa = XCConfigurationList;
			buildConfigurations = (
				880B993B1C3A04FA00191353 /* Debug */,
				880B993C1C3A04FA00191353 /* Release */,
			);
			defaultConfigurationIsVisible = 0;
		};
/* End XCConfigurationList section */
	};
	rootObject = 880B99201C3A04FA00191353 /* Project object */;
}
